
Microsoft Visual Studio Solution File, Format Version 12.00
# Visual Studio Version 16
VisualStudioVersion = 16.0.29324.140
MinimumVisualStudioVersion = 10.0.40219.1
Project("{FAE04EC0-301F-11D3-BF4B-00C04F79EFBC}") = "ParallaxView_Sample.UWP", "ParallaxView_Sample\ParallaxView_Sample.UWP\ParallaxView_Sample.UWP.csproj", "{3E427C00-C9B9-4D04-9E4B-FA70FD42072D}"
EndProject
Project("{FAE04EC0-301F-11D3-BF4B-00C04F79EFBC}") = "ParallaxView_Sample.Android", "ParallaxView_Sample\ParallaxView_Sample.Android\ParallaxView_Sample.Android.csproj", "{A987B415-934D-4D89-AB08-1156413CD803}"
EndProject
Project("{FAE04EC0-301F-11D3-BF4B-00C04F79EFBC}") = "ParallaxView_Sample.iOS", "ParallaxView_Sample\ParallaxView_Sample.iOS\ParallaxView_Sample.iOS.csproj", "{DC5AB85F-3761-493F-9007-BECAE6D4E2EB}"
EndProject
Project("{FAE04EC0-301F-11D3-BF4B-00C04F79EFBC}") = "ParallaxView_Sample", "ParallaxView_Sample\ParallaxView_Sample\ParallaxView_Sample.csproj", "{DD826993-A255-4B76-B8B9-B15DA76ECFA1}"
EndProject
Global
	GlobalSection(SolutionConfigurationPlatforms) = preSolution
		Debug|Any CPU = Debug|Any CPU
		Debug|ARM = Debug|ARM
		Debug|iPhone = Debug|iPhone
		Debug|iPhoneSimulator = Debug|iPhoneSimulator
		Debug|x64 = Debug|x64
		Debug|x86 = Debug|x86
		Release|Any CPU = Release|Any CPU
		Release|ARM = Release|ARM
		Release|iPhone = Release|iPhone
		Release|iPhoneSimulator = Release|iPhoneSimulator
		Release|x64 = Release|x64
		Release|x86 = Release|x86
	EndGlobalSection
	GlobalSection(ProjectConfigurationPlatforms) = postSolution
		{3E427C00-C9B9-4D04-9E4B-FA70FD42072D}.Debug|Any CPU.ActiveCfg = Debug|x86
		{3E427C00-C9B9-4D04-9E4B-FA70FD42072D}.Debug|Any CPU.Build.0 = Debug|x86
		{3E427C00-C9B9-4D04-9E4B-FA70FD42072D}.Debug|Any CPU.Deploy.0 = Debug|x86
		{3E427C00-C9B9-4D04-9E4B-FA70FD42072D}.Debug|ARM.ActiveCfg = Debug|ARM
		{3E427C00-C9B9-4D04-9E4B-FA70FD42072D}.Debug|ARM.Build.0 = Debug|ARM
		{3E427C00-C9B9-4D04-9E4B-FA70FD42072D}.Debug|ARM.Deploy.0 = Debug|ARM
		{3E427C00-C9B9-4D04-9E4B-FA70FD42072D}.Debug|iPhone.ActiveCfg = Debug|x86
		{3E427C00-C9B9-4D04-9E4B-FA70FD42072D}.Debug|iPhone.Build.0 = Debug|x86
		{3E427C00-C9B9-4D04-9E4B-FA70FD42072D}.Debug|iPhone.Deploy.0 = Debug|x86
		{3E427C00-C9B9-4D04-9E4B-FA70FD42072D}.Debug|iPhoneSimulator.ActiveCfg = Debug|x86
		{3E427C00-C9B9-4D04-9E4B-FA70FD42072D}.Debug|iPhoneSimulator.Build.0 = Debug|x86
		{3E427C00-C9B9-4D04-9E4B-FA70FD42072D}.Debug|iPhoneSimulator.Deploy.0 = Debug|x86
		{3E427C00-C9B9-4D04-9E4B-FA70FD42072D}.Debug|x64.ActiveCfg = Debug|x64
		{3E427C00-C9B9-4D04-9E4B-FA70FD42072D}.Debug|x64.Build.0 = Debug|x64
		{3E427C00-C9B9-4D04-9E4B-FA70FD42072D}.Debug|x64.Deploy.0 = Debug|x64
		{3E427C00-C9B9-4D04-9E4B-FA70FD42072D}.Debug|x86.ActiveCfg = Debug|x86
		{3E427C00-C9B9-4D04-9E4B-FA70FD42072D}.Debug|x86.Build.0 = Debug|x86
		{3E427C00-C9B9-4D04-9E4B-FA70FD42072D}.Debug|x86.Deploy.0 = Debug|x86
		{3E427C00-C9B9-4D04-9E4B-FA70FD42072D}.Release|Any CPU.ActiveCfg = Release|x86
		{3E427C00-C9B9-4D04-9E4B-FA70FD42072D}.Release|Any CPU.Build.0 = Release|x86
		{3E427C00-C9B9-4D04-9E4B-FA70FD42072D}.Release|Any CPU.Deploy.0 = Release|x86
		{3E427C00-C9B9-4D04-9E4B-FA70FD42072D}.Release|ARM.ActiveCfg = Release|ARM
		{3E427C00-C9B9-4D04-9E4B-FA70FD42072D}.Release|ARM.Build.0 = Release|ARM
		{3E427C00-C9B9-4D04-9E4B-FA70FD42072D}.Release|ARM.Deploy.0 = Release|ARM
		{3E427C00-C9B9-4D04-9E4B-FA70FD42072D}.Release|iPhone.ActiveCfg = Release|x86
		{3E427C00-C9B9-4D04-9E4B-FA70FD42072D}.Release|iPhone.Build.0 = Release|x86
		{3E427C00-C9B9-4D04-9E4B-FA70FD42072D}.Release|iPhone.Deploy.0 = Release|x86
		{3E427C00-C9B9-4D04-9E4B-FA70FD42072D}.Release|iPhoneSimulator.ActiveCfg = Release|x86
		{3E427C00-C9B9-4D04-9E4B-FA70FD42072D}.Release|iPhoneSimulator.Build.0 = Release|x86
		{3E427C00-C9B9-4D04-9E4B-FA70FD42072D}.Release|iPhoneSimulator.Deploy.0 = Release|x86
		{3E427C00-C9B9-4D04-9E4B-FA70FD42072D}.Release|x64.ActiveCfg = Release|x64
		{3E427C00-C9B9-4D04-9E4B-FA70FD42072D}.Release|x64.Build.0 = Release|x64
		{3E427C00-C9B9-4D04-9E4B-FA70FD42072D}.Release|x64.Deploy.0 = Release|x64
		{3E427C00-C9B9-4D04-9E4B-FA70FD42072D}.Release|x86.ActiveCfg = Release|x86
		{3E427C00-C9B9-4D04-9E4B-FA70FD42072D}.Release|x86.Build.0 = Release|x86
		{3E427C00-C9B9-4D04-9E4B-FA70FD42072D}.Release|x86.Deploy.0 = Release|x86
		{A987B415-934D-4D89-AB08-1156413CD803}.Debug|Any CPU.ActiveCfg = Debug|Any CPU
		{A987B415-934D-4D89-AB08-1156413CD803}.Debug|Any CPU.Build.0 = Debug|Any CPU
		{A987B415-934D-4D89-AB08-1156413CD803}.Debug|Any CPU.Deploy.0 = Debug|Any CPU
		{A987B415-934D-4D89-AB08-1156413CD803}.Debug|ARM.ActiveCfg = Debug|Any CPU
		{A987B415-934D-4D89-AB08-1156413CD803}.Debug|ARM.Build.0 = Debug|Any CPU
		{A987B415-934D-4D89-AB08-1156413CD803}.Debug|ARM.Deploy.0 = Debug|Any CPU
		{A987B415-934D-4D89-AB08-1156413CD803}.Debug|iPhone.ActiveCfg = Debug|Any CPU
		{A987B415-934D-4D89-AB08-1156413CD803}.Debug|iPhone.Build.0 = Debug|Any CPU
		{A987B415-934D-4D89-AB08-1156413CD803}.Debug|iPhone.Deploy.0 = Debug|Any CPU
		{A987B415-934D-4D89-AB08-1156413CD803}.Debug|iPhoneSimulator.ActiveCfg = Debug|Any CPU
		{A987B415-934D-4D89-AB08-1156413CD803}.Debug|iPhoneSimulator.Build.0 = Debug|Any CPU
		{A987B415-934D-4D89-AB08-1156413CD803}.Debug|iPhoneSimulator.Deploy.0 = Debug|Any CPU
		{A987B415-934D-4D89-AB08-1156413CD803}.Debug|x64.ActiveCfg = Debug|Any CPU
		{A987B415-934D-4D89-AB08-1156413CD803}.Debug|x64.Build.0 = Debug|Any CPU
		{A987B415-934D-4D89-AB08-1156413CD803}.Debug|x64.Deploy.0 = Debug|Any CPU
		{A987B415-934D-4D89-AB08-1156413CD803}.Debug|x86.ActiveCfg = Debug|Any CPU
		{A987B415-934D-4D89-AB08-1156413CD803}.Debug|x86.Build.0 = Debug|Any CPU
		{A987B415-934D-4D89-AB08-1156413CD803}.Debug|x86.Deploy.0 = Debug|Any CPU
		{A987B415-934D-4D89-AB08-1156413CD803}.Release|Any CPU.ActiveCfg = Release|Any CPU
		{A987B415-934D-4D89-AB08-1156413CD803}.Release|Any CPU.Build.0 = Release|Any CPU
		{A987B415-934D-4D89-AB08-1156413CD803}.Release|Any CPU.Deploy.0 = Release|Any CPU
		{A987B415-934D-4D89-AB08-1156413CD803}.Release|ARM.ActiveCfg = Release|Any CPU
		{A987B415-934D-4D89-AB08-1156413CD803}.Release|ARM.Build.0 = Release|Any CPU
		{A987B415-934D-4D89-AB08-1156413CD803}.Release|ARM.Deploy.0 = Release|Any CPU
		{A987B415-934D-4D89-AB08-1156413CD803}.Release|iPhone.ActiveCfg = Release|Any CPU
		{A987B415-934D-4D89-AB08-1156413CD803}.Release|iPhone.Build.0 = Release|Any CPU
		{A987B415-934D-4D89-AB08-1156413CD803}.Release|iPhone.Deploy.0 = Release|Any CPU
		{A987B415-934D-4D89-AB08-1156413CD803}.Release|iPhoneSimulator.ActiveCfg = Release|Any CPU
		{A987B415-934D-4D89-AB08-1156413CD803}.Release|iPhoneSimulator.Build.0 = Release|Any CPU
		{A987B415-934D-4D89-AB08-1156413CD803}.Release|iPhoneSimulator.Deploy.0 = Release|Any CPU
		{A987B415-934D-4D89-AB08-1156413CD803}.Release|x64.ActiveCfg = Release|Any CPU
		{A987B415-934D-4D89-AB08-1156413CD803}.Release|x64.Build.0 = Release|Any CPU
		{A987B415-934D-4D89-AB08-1156413CD803}.Release|x64.Deploy.0 = Release|Any CPU
		{A987B415-934D-4D89-AB08-1156413CD803}.Release|x86.ActiveCfg = Release|Any CPU
		{A987B415-934D-4D89-AB08-1156413CD803}.Release|x86.Build.0 = Release|Any CPU
		{A987B415-934D-4D89-AB08-1156413CD803}.Release|x86.Deploy.0 = Release|Any CPU
		{DC5AB85F-3761-493F-9007-BECAE6D4E2EB}.Debug|Any CPU.ActiveCfg = Debug|iPhone
		{DC5AB85F-3761-493F-9007-BECAE6D4E2EB}.Debug|Any CPU.Build.0 = Debug|iPhone
		{DC5AB85F-3761-493F-9007-BECAE6D4E2EB}.Debug|Any CPU.Deploy.0 = Debug|iPhone
		{DC5AB85F-3761-493F-9007-BECAE6D4E2EB}.Debug|ARM.ActiveCfg = Debug|iPhoneSimulator
		{DC5AB85F-3761-493F-9007-BECAE6D4E2EB}.Debug|ARM.Build.0 = Debug|iPhoneSimulator
		{DC5AB85F-3761-493F-9007-BECAE6D4E2EB}.Debug|ARM.Deploy.0 = Debug|iPhoneSimulator
		{DC5AB85F-3761-493F-9007-BECAE6D4E2EB}.Debug|iPhone.ActiveCfg = Debug|iPhone
		{DC5AB85F-3761-493F-9007-BECAE6D4E2EB}.Debug|iPhone.Build.0 = Debug|iPhone
		{DC5AB85F-3761-493F-9007-BECAE6D4E2EB}.Debug|iPhone.Deploy.0 = Debug|iPhone
		{DC5AB85F-3761-493F-9007-BECAE6D4E2EB}.Debug|iPhoneSimulator.ActiveCfg = Debug|iPhoneSimulator
		{DC5AB85F-3761-493F-9007-BECAE6D4E2EB}.Debug|iPhoneSimulator.Build.0 = Debug|iPhoneSimulator
		{DC5AB85F-3761-493F-9007-BECAE6D4E2EB}.Debug|iPhoneSimulator.Deploy.0 = Debug|iPhoneSimulator
		{DC5AB85F-3761-493F-9007-BECAE6D4E2EB}.Debug|x64.ActiveCfg = Debug|iPhone
		{DC5AB85F-3761-493F-9007-BECAE6D4E2EB}.Debug|x64.Build.0 = Debug|iPhone
		{DC5AB85F-3761-493F-9007-BECAE6D4E2EB}.Debug|x64.Deploy.0 = Debug|iPhone
		{DC5AB85F-3761-493F-9007-BECAE6D4E2EB}.Debug|x86.ActiveCfg = Debug|iPhone
		{DC5AB85F-3761-493F-9007-BECAE6D4E2EB}.Debug|x86.Build.0 = Debug|iPhone
		{DC5AB85F-3761-493F-9007-BECAE6D4E2EB}.Debug|x86.Deploy.0 = Debug|iPhone
		{DC5AB85F-3761-493F-9007-BECAE6D4E2EB}.Release|Any CPU.ActiveCfg = Release|iPhone
		{DC5AB85F-3761-493F-9007-BECAE6D4E2EB}.Release|Any CPU.Build.0 = Release|iPhone
		{DC5AB85F-3761-493F-9007-BECAE6D4E2EB}.Release|Any CPU.Deploy.0 = Release|iPhone
		{DC5AB85F-3761-493F-9007-BECAE6D4E2EB}.Release|ARM.ActiveCfg = Release|iPhone
		{DC5AB85F-3761-493F-9007-BECAE6D4E2EB}.Release|ARM.Build.0 = Release|iPhone
		{DC5AB85F-3761-493F-9007-BECAE6D4E2EB}.Release|ARM.Deploy.0 = Release|iPhone
		{DC5AB85F-3761-493F-9007-BECAE6D4E2EB}.Release|iPhone.ActiveCfg = Release|iPhone
		{DC5AB85F-3761-493F-9007-BECAE6D4E2EB}.Release|iPhone.Build.0 = Release|iPhone
		{DC5AB85F-3761-493F-9007-BECAE6D4E2EB}.Release|iPhone.Deploy.0 = Release|iPhone
		{DC5AB85F-3761-493F-9007-BECAE6D4E2EB}.Release|iPhoneSimulator.ActiveCfg = Release|iPhoneSimulator
		{DC5AB85F-3761-493F-9007-BECAE6D4E2EB}.Release|iPhoneSimulator.Build.0 = Release|iPhoneSimulator
		{DC5AB85F-3761-493F-9007-BECAE6D4E2EB}.Release|iPhoneSimulator.Deploy.0 = Release|iPhoneSimulator
		{DC5AB85F-3761-493F-9007-BECAE6D4E2EB}.Release|x64.ActiveCfg = Release|iPhone
		{DC5AB85F-3761-493F-9007-BECAE6D4E2EB}.Release|x64.Build.0 = Release|iPhone
		{DC5AB85F-3761-493F-9007-BECAE6D4E2EB}.Release|x64.Deploy.0 = Release|iPhone
		{DC5AB85F-3761-493F-9007-BECAE6D4E2EB}.Release|x86.ActiveCfg = Release|iPhone
		{DC5AB85F-3761-493F-9007-BECAE6D4E2EB}.Release|x86.Build.0 = Release|iPhone
		{DC5AB85F-3761-493F-9007-BECAE6D4E2EB}.Release|x86.Deploy.0 = Release|iPhone
		{DD826993-A255-4B76-B8B9-B15DA76ECFA1}.Debug|Any CPU.ActiveCfg = Debug|Any CPU
		{DD826993-A255-4B76-B8B9-B15DA76ECFA1}.Debug|Any CPU.Build.0 = Debug|Any CPU
		{DD826993-A255-4B76-B8B9-B15DA76ECFA1}.Debug|Any CPU.Deploy.0 = Debug|Any CPU
		{DD826993-A255-4B76-B8B9-B15DA76ECFA1}.Debug|ARM.ActiveCfg = Debug|Any CPU
		{DD826993-A255-4B76-B8B9-B15DA76ECFA1}.Debug|ARM.Build.0 = Debug|Any CPU
		{DD826993-A255-4B76-B8B9-B15DA76ECFA1}.Debug|ARM.Deploy.0 = Debug|Any CPU
		{DD826993-A255-4B76-B8B9-B15DA76ECFA1}.Debug|iPhone.ActiveCfg = Debug|Any CPU
		{DD826993-A255-4B76-B8B9-B15DA76ECFA1}.Debug|iPhone.Build.0 = Debug|Any CPU
		{DD826993-A255-4B76-B8B9-B15DA76ECFA1}.Debug|iPhone.Deploy.0 = Debug|Any CPU
		{DD826993-A255-4B76-B8B9-B15DA76ECFA1}.Debug|iPhoneSimulator.ActiveCfg = Debug|Any CPU
		{DD826993-A255-4B76-B8B9-B15DA76ECFA1}.Debug|iPhoneSimulator.Build.0 = Debug|Any CPU
		{DD826993-A255-4B76-B8B9-B15DA76ECFA1}.Debug|iPhoneSimulator.Deploy.0 = Debug|Any CPU
		{DD826993-A255-4B76-B8B9-B15DA76ECFA1}.Debug|x64.ActiveCfg = Debug|Any CPU
		{DD826993-A255-4B76-B8B9-B15DA76ECFA1}.Debug|x64.Build.0 = Debug|Any CPU
		{DD826993-A255-4B76-B8B9-B15DA76ECFA1}.Debug|x64.Deploy.0 = Debug|Any CPU
		{DD826993-A255-4B76-B8B9-B15DA76ECFA1}.Debug|x86.ActiveCfg = Debug|Any CPU
		{DD826993-A255-4B76-B8B9-B15DA76ECFA1}.Debug|x86.Build.0 = Debug|Any CPU
		{DD826993-A255-4B76-B8B9-B15DA76ECFA1}.Debug|x86.Deploy.0 = Debug|Any CPU
		{DD826993-A255-4B76-B8B9-B15DA76ECFA1}.Release|Any CPU.ActiveCfg = Release|Any CPU
		{DD826993-A255-4B76-B8B9-B15DA76ECFA1}.Release|Any CPU.Build.0 = Release|Any CPU
		{DD826993-A255-4B76-B8B9-B15DA76ECFA1}.Release|Any CPU.Deploy.0 = Release|Any CPU
		{DD826993-A255-4B76-B8B9-B15DA76ECFA1}.Release|ARM.ActiveCfg = Release|Any CPU
		{DD826993-A255-4B76-B8B9-B15DA76ECFA1}.Release|ARM.Build.0 = Release|Any CPU
		{DD826993-A255-4B76-B8B9-B15DA76ECFA1}.Release|ARM.Deploy.0 = Release|Any CPU
		{DD826993-A255-4B76-B8B9-B15DA76ECFA1}.Release|iPhone.ActiveCfg = Release|Any CPU
		{DD826993-A255-4B76-B8B9-B15DA76ECFA1}.Release|iPhone.Build.0 = Release|Any CPU
		{DD826993-A255-4B76-B8B9-B15DA76ECFA1}.Release|iPhone.Deploy.0 = Release|Any CPU
		{DD826993-A255-4B76-B8B9-B15DA76ECFA1}.Release|iPhoneSimulator.ActiveCfg = Release|Any CPU
		{DD826993-A255-4B76-B8B9-B15DA76ECFA1}.Release|iPhoneSimulator.Build.0 = Release|Any CPU
		{DD826993-A255-4B76-B8B9-B15DA76ECFA1}.Release|iPhoneSimulator.Deploy.0 = Release|Any CPU
		{DD826993-A255-4B76-B8B9-B15DA76ECFA1}.Release|x64.ActiveCfg = Release|Any CPU
		{DD826993-A255-4B76-B8B9-B15DA76ECFA1}.Release|x64.Build.0 = Release|Any CPU
		{DD826993-A255-4B76-B8B9-B15DA76ECFA1}.Release|x64.Deploy.0 = Release|Any CPU
		{DD826993-A255-4B76-B8B9-B15DA76ECFA1}.Release|x86.ActiveCfg = Release|Any CPU
		{DD826993-A255-4B76-B8B9-B15DA76ECFA1}.Release|x86.Build.0 = Release|Any CPU
		{DD826993-A255-4B76-B8B9-B15DA76ECFA1}.Release|x86.Deploy.0 = Release|Any CPU
	EndGlobalSection
	GlobalSection(SolutionProperties) = preSolution
		HideSolutionNode = FALSE
	EndGlobalSection
	GlobalSection(ExtensibilityGlobals) = postSolution
		SolutionGuid = {E01390FF-7643-4DC1-9795-382B0AFE18BF}
	EndGlobalSection
EndGlobal
